
Microsoft Visual Studio Solution File, Format Version 12.00
# Visual Studio Version 17
VisualStudioVersion = 17.6.33829.357
MinimumVisualStudioVersion = 10.0.40219.1
Project("{FAE04EC0-301F-11D3-BF4B-00C04F79EFBC}") = "Homework_11", "Homework_11.csproj", "{F1CFE4AD-CE41-4092-BD04-E17BAD99FDE1}"
EndProject
Global
	GlobalSection(SolutionConfigurationPlatforms) = preSolution
		Debug|Any CPU = Debug|Any CPU
		Release|Any CPU = Release|Any CPU
	EndGlobalSection
	GlobalSection(ProjectConfigurationPlatforms) = postSolution
		{F1CFE4AD-CE41-4092-BD04-E17BAD99FDE1}.Debug|Any CPU.ActiveCfg = Debug|Any CPU
		{F1CFE4AD-CE41-4092-BD04-E17BAD99FDE1}.Debug|Any CPU.Build.0 = Debug|Any CPU
		{F1CFE4AD-CE41-4092-BD04-E17BAD99FDE1}.Release|Any CPU.ActiveCfg = Release|Any CPU
		{F1CFE4AD-CE41-4092-BD04-E17BAD99FDE1}.Release|Any CPU.Build.0 = Release|Any CPU
	EndGlobalSection
	GlobalSection(SolutionProperties) = preSolution
		HideSolutionNode = FALSE
	EndGlobalSection
	GlobalSection(ExtensibilityGlobals) = postSolution
		SolutionGuid = {01D8CE67-3DDB-4CEF-8AE8-48465B86129F}
	EndGlobalSection
EndGlobal
